{
    "_meta": {
        "hash": {
            "sha256": "a9e2d763cc2b4f8247272cf8641cc0d193572b17cb65953475ab1298aaa738ff"
        },
        "pipfile-spec": 6,
        "requires": {
            "python_version": "3.6"
        },
        "sources": [
            {
                "name": "pypi",
                "url": "https://pypi.python.org/simple",
                "verify_ssl": true
            }
        ]
    },
    "default": {
        "babel": {
            "hashes": [
                "sha256:9f02d0357184de1f093c10012b52e7454a1008be6a5c185ab7a3307aceb1d12e"
            ],
            "index": "pypi",
            "version": "==1.3"
        },
        "blinker": {
            "hashes": [
                "sha256:6811010809262261e41ab7b92f3f6d23f35cf816fbec2bc05077992eebec6e2f"
            ],
            "index": "pypi",
            "version": "==1.3"
        },
        "certifi": {
            "hashes": [
                "sha256:1a4995114262bffbc2413b159f2a1a480c969de6e6eb13ee966d470af86af59c",
                "sha256:719a74fb9e33b9bd44cc7f3a8d94bc35e4049deebe19ba7d8e108280cfd59830"
            ],
            "version": "==2020.12.5"
        },
        "chardet": {
            "hashes": [
                "sha256:84ab92ed1c4d4f16916e05906b6b75a6c0fb5db821cc65e70cbd64a3e2a5eaae",
                "sha256:fc323ffcaeaed0e0a02bf4d117757b98aed530d9ed4531e3e15460124c106691"
            ],
            "version": "==3.0.4"
        },
        "coverage": {
            "hashes": [
                "sha256:2b9fe71a6bd410940cedb6212cecdf21280d4b3471c3a188f9c5263cfe6fb67b",
                "sha256:3b50e09002e420eddee1816017c44d0cb08483e3e14d919641b377a7ec83f030",
                "sha256:3e7c8dd920c0dea0b918e3737df8a76c3f604577afc29fea376803f165d99082",
                "sha256:5164423881464f02904e9254d82631cf39fedc714aab09b6e38dd0e66ce24dc0",
                "sha256:58aa6d06ec7f784c09c09936d3aac2a9835f3b39fc72b0115753e60b8fee5892",
                "sha256:778cf461acb1edd251877b21043d3e8089f1de8bee757103cd1124497aa2c4d2",
                "sha256:985d645e630eefa33c20de1395f649e232eacddfe48d9a124c2e221bbaef6d78",
                "sha256:a4df4c28207e6a2746b82f8edbf3af03794c31423bcba43f20cd086c06c0ffa9",
                "sha256:b4fc3047692cc6c47ba9cbf3ae6c1c42fbaef9ab86a62f78bf260eb993afa068",
                "sha256:d1aea1c4aa61b8366d6a42dd3650622fbf9c634ed24eaf7f379c8b970e5ed44e",
                "sha256:f88c9ddca928afce3500c5c286c5962ac2f9cda9314af5a6ec284cd67d13a8dd"
            ],
            "index": "pypi",
            "version": "==3.7.1"
        },
        "decorator": {
            "hashes": [
                "sha256:c20b404cbb7ee5cebd506688e0114e3cd76f5ce233805a51f36e1a7988d9d783"
            ],
            "index": "pypi",
            "version": "==3.4.0"
        },
        "defusedxml": {
            "hashes": [
                "sha256:6687150770438374ab581bb7a1b327a847dd9c5749e396102de3fad4e8a3ef93",
                "sha256:f684034d135af4c6cbb949b8a4d2ed61634515257a67299e5f940fbaa34377f5"
            ],
            "version": "==0.6.0"
        },
        "flask": {
            "hashes": [
                "sha256:4c83829ff83d408b5e1d4995472265411d2c414112298f2eb4b359d9e4563373"
            ],
            "index": "pypi",
            "version": "==0.10.1"
        },
        "flask-babel": {
            "hashes": [
                "sha256:4afd150f360434b00684ba7848358f7961072fd0658a6e81aaa578522699fb4c"
            ],
            "index": "pypi",
            "version": "==0.9"
        },
        "flask-login": {
            "hashes": [
                "sha256:83d5f10e5c4f214feed6cc41c212db63a58a15ac32e56df81591bfa0a5cee3e5"
            ],
            "index": "pypi",
            "version": "==0.2.11"
        },
        "flask-mail": {
            "hashes": [
                "sha256:db9669d1eac783e73f06406f36bb5f71eae99b6c24e5849d76934641e3f6263e"
            ],
            "index": "pypi",
            "version": "==0.9.0"
        },
        "flask-openid": {
            "hashes": [
                "sha256:c2ab4ecd76cdb033a439c0205cbfde664d9d7dfcdafba58704dba44b03249817"
            ],
            "index": "pypi",
            "version": "==1.2.1"
        },
        "flask-sqlalchemy": {
            "hashes": [
                "sha256:990387d2cff83df7feb40e9d6b286f2679144258480249cbd47b88dc0939e886"
            ],
            "index": "pypi",
            "version": "==2.0"
        },
        "flask-whooshalchemy": {
            "hashes": [
                "sha256:8320ba75040bd37c2810d5ab9a4bd9f3ccadebbef93c805fe0578403f8785baa"
            ],
            "index": "pypi",
            "version": "==0.56"
        },
        "flask-wtf": {
            "hashes": [
                "sha256:2926a265e6aa163a2102a8f058ad89acb9304665c476cea9687243bcc8f99b45",
                "sha256:51b395f701c6605daf5047be2e8b0265519b50527142b6458e8f2186816245e1"
            ],
            "index": "pypi",
            "version": "==0.10.2"
        },
        "flipflop": {
            "hashes": [
                "sha256:32a23ed7bdb53bab03271c4c92abceae1ee3a337dd7fd5a18334fd64930ebcfd"
            ],
            "index": "pypi",
            "version": "==1.0"
        },
        "guess-language": {
            "hashes": [
                "sha256:b31ba2a279b8e6a19e9aa2f8e21c5fc4a56cd5557aea3f806cba73ecf38696e7"
            ],
            "index": "pypi",
            "version": "==0.2"
        },
        "gunicorn": {
            "hashes": [
                "sha256:82715511fb6246fad4ba66d812eb93416ae8371b464fa88bf3867c9c177daa14",
                "sha256:ffb411757de374d05c759c929908d2397c66e3bcf6f35dee41a6ef9eb851497b"
            ],
            "index": "pypi",
            "version": "==19.1.1"
        },
        "httplib2": {
            "hashes": [
                "sha256:749c32603f9bf16c1277f59531d502e8f1c2ca19901ae653b49c4ed698f0820e",
                "sha256:e0d428dad43c72dbce7d163b7753ffc7a39c097e6788ef10f4198db69b92f08e"
            ],
            "index": "pypi",
            "version": "==0.19.0"
        },
        "idna": {
            "hashes": [
                "sha256:2c6a5de3089009e3da7c5dde64a141dbc8551d5b7f6cf4ed7c2568d0cc520a8f",
                "sha256:8c7309c718f94b3a625cb648ace320157ad16ff131ae0af362c9f21b80ef6ec4"
            ],
            "version": "==2.6"
        },
        "itsdangerous": {
            "hashes": [
                "sha256:cbb3fcf8d3e33df861709ecaf89d9e6629cff0a217bc2848f1b41cd30d360519"
            ],
            "index": "pypi",
            "version": "==0.24"
        },
        "jinja2": {
            "hashes": [
                "sha256:2e24ac5d004db5714976a04ac0e80c6df6e47e98c354cb2c0d82f8879d4f8fdb"
            ],
            "index": "pypi",
            "version": "==2.7.3"
        },
        "markupsafe": {
            "hashes": [
                "sha256:a4ec1aff59b95a14b45eb2e23761a0179e98319da5a7eb76b56ea8cdc7b871c3"
            ],
            "index": "pypi",
            "version": "==0.23"
        },
        "oauth2client": {
            "hashes": [
                "sha256:bd3062c06f8b10c6ef7a890b22c2740e5f87d61b6e1f4b1c90d069cdfc9dadb5",
                "sha256:cf061f52f75e91d489bf5c276498f8af2655fe331b454f10022441513cf445a6"
            ],
            "index": "pypi",
            "version": "==4.1.2"
        },
        "pbr": {
            "hashes": [
                "sha256:52a61a863566fafa45507a9aa40e6c88edc1e09d96cde5f5a6aa3b4d26c913ce",
                "sha256:c5a301669c8bc7e900a422386374822cf038fbd1f23eef2ce0b026a34a9bbd63"
            ],
            "index": "pypi",
            "version": "==0.10.0"
        },
        "psycopg2": {
            "hashes": [
                "sha256:162ab9fc7c2be46b45978bdeecc54ab48f90e57c26c927bfbdcbedee77d22dac",
                "sha256:1b40c5549c0e39c95e26df4c6cdf49f3d85def38310da78628f1d29c3e7d177e",
                "sha256:2854703bf7c1287408f16d66a011426be07540748f19a84644677d6b8d1284a7",
                "sha256:29db29bc5603ff9dc3a639a8e329ca4ab970d01d6fd27bcf2038e6514fe161f4",
                "sha256:2fd25489f2fc5b1a4ab4a131cb7e6c804a664b4201e03d1c5aefcbb055b8bad6",
                "sha256:4807cc2a3bf844b882bd11bdf43805430993ac29fa95ac3ed1cbaa24ab9c0319",
                "sha256:4dd7ce445059e63b249dbcf6a759c45d1ae5f4e6468c60d50f4829e09d52cd4a",
                "sha256:5c11fc5091af28d048c321f2b23a3f984ffb5b546ab3cb7424c52c6feae6c965",
                "sha256:5d6d3e80658bf7436202358490beabe7fc78497f5defecb4e9db91d19d5d2778",
                "sha256:624d9e75d5cf636236ef0e7c325761d8e795200c91154d344b0efcdece535a93",
                "sha256:65a7560c7dc45cd7cb8083e07341789ca9c1e3d668c04e198ec925da1ef0012c",
                "sha256:6a81bba87531e11e93eb5e193e3f25498eb4e3d7a0a730675ea311913ea93f8f",
                "sha256:6be1b5c96a122387afef18669f3bb0fb255a22e77da85bc37fdd5367a446880c",
                "sha256:94f7ca8013fa17b14e8be72dcc4994046fcd40f85b8cf45d13cdfcf777aad0f4",
                "sha256:9b3009f237df518951fc2385dd444b7d79b83c4a9cdd26141d2bd9eabd32d681",
                "sha256:9bfadd7163ec17983c1e395782755ea1c15702e4b79ed333ff70995cd4fb5505",
                "sha256:a1f302a2ef32b16a8a6515d5ae6368460ad7434ba6a3751f5a2c1084f6234ff6",
                "sha256:ad2d1274e69fac940c66854cbc92c9eda572b4b30cab4073d4383148874a8974",
                "sha256:b148f8ccdf9d59bf762b67b80c4a46b9ce1e90dee0f10907640e5a18b07d0ee6",
                "sha256:b2bc3bc99355fe26a76d1225c32ae6f97604f575cb41cd8e8a4932bbc5b932a7",
                "sha256:b60024e969aaecc47530f96c723c4cac63d34606fb57806bed49991ff35aecea",
                "sha256:b807ca62f8844f3eb7bff5790ffc4bd851f51a22f453b59fe3c9461e097eac6d",
                "sha256:bbb843f752f582de95db533d371cf55acf69acd86b0b22e35d89f045c1f6c139",
                "sha256:bc580e4dd39031eea0a662a3e8353b9fa90e500aa7ae14b4589cd4572f7ba4c3",
                "sha256:c9bd49848556d04093909faec017c3675efabf78c2b7f383bf7c43ba18324ac8",
                "sha256:cbd910a5d9e3c2e49c2e8f827f2261c27260260a0b46284445d1a3dd12265be8",
                "sha256:cf4f620f3401e4e8f9e2934c45284e21d404bbe65cd7b81a50402f30c1160109",
                "sha256:d2089a8dc7fea97386d66e46aabf5674538d946dcaf3374f736411638c93c2c4",
                "sha256:db49705698f9edd4878457166b09e53788d3e7f10d86f490ee5978ce2613bc06",
                "sha256:f2ae745ee9b65e04fcca2bbb7ff6d92c196b732f04d0b570310f8958b58ecb64",
                "sha256:febc7334b1f33c08c5c8d29353d557d8510ff1205f9e7ef454a3f8306c79e9b4"
            ],
            "index": "pypi",
            "version": "==2.7.3"
        },
        "pyasn1": {
            "hashes": [
                "sha256:39c7e2ec30515947ff4e87fb6f456dfc6e84857d34be479c9d4a4ba4bf46aa5d",
                "sha256:aef77c9fb94a3ac588e87841208bdec464471d9871bd5050a287cc9a475cd0ba"
            ],
            "version": "==0.4.8"
        },
        "pyasn1-modules": {
            "hashes": [
                "sha256:905f84c712230b2c592c19470d3ca8d552de726050d1d1716282a1f6146be65e",
                "sha256:a50b808ffeb97cb3601dd25981f6b016cbb3d31fbf57a8b8a87428e6158d0c74"
            ],
            "version": "==0.2.8"
        },
        "pyparsing": {
            "hashes": [
                "sha256:c203ec8783bf771a155b207279b9bccb8dea02d8f0c9e5f8ead507bc3246ecc1",
                "sha256:ef9d7589ef3c200abe66653d3f1ab1033c3c419ae9b9bdb1240a85b024efc88b"
            ],
            "version": "==2.4.7"
        },
        "python-openid": {
            "hashes": [
                "sha256:92c51c3ecec846cbec4aeff11f9ff47303d4a63f93b0e6ac0ec02a091fed70ef",
                "sha256:c2d133e47e0a7705c9272eef00d7a09c174f5bf17a127fed8e2c6499556cc782"
            ],
            "index": "pypi",
            "version": "==2.2.5"
        },
        "python3-openid": {
            "hashes": [
                "sha256:33fbf6928f401e0b790151ed2b5290b02545e8775f982485205a066f874aaeaf",
                "sha256:6626f771e0417486701e0b4daff762e7212e820ca5b29fcc0d05f6f8736dfa6b"
            ],
            "version": "==3.2.0"
        },
        "pytz": {
            "hashes": [
                "sha256:2ec3cf1b841106a80b3df0af464e4682d0f6051cac7f8c92167ea494945e6589",
                "sha256:56dec1e94d2fad13d9009a140b816808086a79ddf7edf9eb4931c84f65abb12a",
                "sha256:bfc2bd00147e5ecf75399f4a94cb84cc00ce9b511a15f9958bb6c85a455f76eb"
            ],
            "index": "pypi",
            "version": "==2014.7"
        },
        "requests": {
            "hashes": [
                "sha256:6a1b267aa90cac58ac3a765d067950e7dbbf75b1da07e895d1f594193a40a38b",
                "sha256:9c443e7324ba5b85070c4a818ade28bfabedf16ea10206da1132edaa6dda237e"
            ],
            "index": "pypi",
            "version": "==2.18.4"
        },
        "rsa": {
            "hashes": [
                "sha256:69805d6b69f56eb05b62daea3a7dbd7aa44324ad1306445e05da8060232d00f4",
                "sha256:a8774e55b59fd9fc893b0d05e9bfc6f47081f46ff5b46f39ccf24631b7be356b"
            ],
            "version": "==4.7"
        },
        "six": {
            "hashes": [
                "sha256:30639c035cdb23534cd4aa2dd52c3bf48f06e5f4a941509c8bafd8ce11080259",
                "sha256:8b74bedcbbbaca38ff6d7491d76f2b06b3592611af620f8426e82dddb04a5ced"
            ],
            "version": "==1.15.0"
        },
        "speaklater": {
            "hashes": [
                "sha256:59fea336d0eed38c1f0bf3181ee1222d0ef45f3a9dd34ebe65e6bfffdd6a65a9"
            ],
            "index": "pypi",
            "version": "==1.3"
        },
        "sqlalchemy": {
            "hashes": [
                "sha256:5fff261d0cff21c39913f9d30682659a52bfa2875699b2b7d908d0225df42a15"
            ],
            "index": "pypi",
            "version": "==0.9.7"
        },
        "sqlparse": {
            "hashes": [
                "sha256:4355f38d0fd620a6f2c45a9cfe822988a379d3d097bb47bf009e9eb5b323ed1e"
            ],
            "index": "pypi",
            "version": "==0.1.11"
        },
        "tempita": {
            "hashes": [
                "sha256:cacecf0baa674d356641f1d406b8bff1d756d739c46b869a54de515d08e6fc9c"
            ],
            "index": "pypi",
            "version": "==0.5.2"
        },
        "urllib3": {
            "hashes": [
                "sha256:06330f386d6e4b195fbfc736b297f58c5a892e4440e54d294d7004e3a9bbea1b",
                "sha256:cc44da8e1145637334317feebd728bd869a35285b93cbb4cca2577da7e62db4f"
            ],
            "version": "==1.22"
        },
        "werkzeug": {
            "hashes": [
                "sha256:903a7b87b74635244548b30d30db4c8947fe64c5198f58899ddcd3a13c23bb26",
                "sha256:e8549c143af3ce6559699a01e26fa4174f4c591dbee0a499f3cd4c3781cdec3d"
            ],
            "index": "pypi",
            "version": "==0.12.2"
        },
        "whoosh": {
            "hashes": [
                "sha256:7de7bc4d00a6d051dbb360b48eb7f3cd002373d87252fb0b284a3c9c453a7677"
            ],
            "index": "pypi",
            "version": "==2.6.0"
        },
        "wtforms": {
            "hashes": [
                "sha256:62859c74be4683601b5265ba83b9babd8a8f1cdd0ba31600fa1e70d295cd4ed2"
            ],
            "index": "pypi",
            "version": "==2.0.1"
        }
    },
    "develop": {}
}
